
Microsoft Visual Studio Solution File, Format Version 12.00
# Visual Studio Version 16
VisualStudioVersion = 16.0.29215.179
MinimumVisualStudioVersion = 10.0.40219.1
Project("{9A19103F-16F7-4668-BE54-9A1E7A4F7556}") = "NetCoreDemo", "NetCoreDemo.csproj", "{EA0B15F5-EB3C-4061-92CE-395D5A906670}"
EndProject
Global
	GlobalSection(SolutionConfigurationPlatforms) = preSolution
		Debug|Any CPU = Debug|Any CPU
		Release|Any CPU = Release|Any CPU
	EndGlobalSection
	GlobalSection(ProjectConfigurationPlatforms) = postSolution
		{EA0B15F5-EB3C-4061-92CE-395D5A906670}.Debug|Any CPU.ActiveCfg = Debug|Any CPU
		{EA0B15F5-EB3C-4061-92CE-395D5A906670}.Debug|Any CPU.Build.0 = Debug|Any CPU
		{EA0B15F5-EB3C-4061-92CE-395D5A906670}.Release|Any CPU.ActiveCfg = Release|Any CPU
		{EA0B15F5-EB3C-4061-92CE-395D5A906670}.Release|Any CPU.Build.0 = Release|Any CPU
	EndGlobalSection
	GlobalSection(SolutionProperties) = preSolution
		HideSolutionNode = FALSE
	EndGlobalSection
	GlobalSection(ExtensibilityGlobals) = postSolution
		SolutionGuid = {8FA7B89F-7E82-479E-B15B-F37E4C21C4BF}
	EndGlobalSection
EndGlobal
